version: 6
environments:
  default:
    channels:
    - url: https://conda.anaconda.org/conda-forge/
    - url: https://repo.prefix.dev/julia-forge/
    options:
      pypi-prerelease-mode: if-necessary-or-explicit
    packages:
      linux-64:
      - conda: https://conda.anaconda.org/conda-forge/linux-64/_openmp_mutex-4.5-20_gnu.conda
      - conda: https://repo.prefix.dev/julia-forge/linux-64/julia-1.10.4-hb0f4dca_0.conda
      - conda: https://conda.anaconda.org/conda-forge/linux-64/libgcc-15.2.0-he0feb66_18.conda
      - conda: https://conda.anaconda.org/conda-forge/linux-64/libgomp-15.2.0-he0feb66_18.conda
      - conda: https://conda.anaconda.org/conda-forge/linux-64/libstdcxx-15.2.0-h934c35e_18.conda
      - conda: https://conda.anaconda.org/conda-forge/linux-64/uv-0.11.6-h0f56927_0.conda
      osx-64:
      - conda: https://repo.prefix.dev/julia-forge/osx-64/julia-1.10.4-h0dc7051_0.conda
      - conda: https://conda.anaconda.org/conda-forge/osx-64/libcxx-22.1.3-h19cb2f5_0.conda
      - conda: https://conda.anaconda.org/conda-forge/osx-64/uv-0.11.6-hbc54fe3_0.conda
      osx-arm64:
      - conda: https://repo.prefix.dev/julia-forge/osx-arm64/julia-1.10.4-h60d57d3_0.conda
      - conda: https://conda.anaconda.org/conda-forge/osx-arm64/libcxx-22.1.3-h55c6f16_0.conda
      - conda: https://conda.anaconda.org/conda-forge/osx-arm64/uv-0.11.6-h2a61971_0.conda
packages:
- conda: https://conda.anaconda.org/conda-forge/linux-64/_openmp_mutex-4.5-20_gnu.conda
  build_number: 20
  sha256: 1dd3fffd892081df9726d7eb7e0dea6198962ba775bd88842135a4ddb4deb3c9
  md5: a9f577daf3de00bca7c3c76c0ecbd1de
  depends:
  - __glibc >=2.17,<3.0.a0
  - libgomp >=7.5.0
  constrains:
  - openmp_impl <0.0a0
  license: BSD-3-Clause
  license_family: BSD
  size: 28948
  timestamp: 1770939786096
- conda: https://repo.prefix.dev/julia-forge/linux-64/julia-1.10.4-hb0f4dca_0.conda
  sha256: bb4284ce604b113381a51ca34157b220b286c88bef7a6a5092e44c9f2fabda00
  license: MIT
  size: 135542643
  timestamp: 1719213812709
- conda: https://repo.prefix.dev/julia-forge/osx-64/julia-1.10.4-h0dc7051_0.conda
  sha256: 788bf6916756b8a099cd1f4f779bca480827992b440be2351f579fedf5e8bf59
  license: MIT
  size: 134913991
  timestamp: 1719213818292
- conda: https://repo.prefix.dev/julia-forge/osx-arm64/julia-1.10.4-h60d57d3_0.conda
  sha256: 544544129232eabaf0eed2a0f00d47d14cfb8e47dd34259cebcda01b5d0da5c6
  license: MIT
  size: 133972555
  timestamp: 1719213815182
- conda: https://conda.anaconda.org/conda-forge/osx-64/libcxx-22.1.3-h19cb2f5_0.conda
  sha256: 24d7e7d15d144f2f74fbc9f397a643f0a1da94dbe9aa9f0d15990fabe34974c9
  md5: 212ddd7bd52988f751905114325b5c0b
  depends:
  - __osx >=11.0
  license: Apache-2.0 WITH LLVM-exception
  license_family: Apache
  size: 564947
  timestamp: 1775564350407
- conda: https://conda.anaconda.org/conda-forge/osx-arm64/libcxx-22.1.3-h55c6f16_0.conda
  sha256: 34cc56c627b01928e49731bcfe92338e440ab6b5952feee8f1dd16570b8b8339
  md5: acbb3f547c4aae16b19e417db0c6e5ed
  depends:
  - __osx >=11.0
  license: Apache-2.0 WITH LLVM-exception
  license_family: Apache
  size: 570026
  timestamp: 1775565121045
- conda: https://conda.anaconda.org/conda-forge/linux-64/libgcc-15.2.0-he0feb66_18.conda
  sha256: faf7d2017b4d718951e3a59d081eb09759152f93038479b768e3d612688f83f5
  md5: 0aa00f03f9e39fb9876085dee11a85d4
  depends:
  - __glibc >=2.17,<3.0.a0
  - _openmp_mutex >=4.5
  constrains:
  - libgcc-ng ==15.2.0=*_18
  - libgomp 15.2.0 he0feb66_18
  license: GPL-3.0-only WITH GCC-exception-3.1
  license_family: GPL
  size: 1041788
  timestamp: 1771378212382
- conda: https://conda.anaconda.org/conda-forge/linux-64/libgomp-15.2.0-he0feb66_18.conda
  sha256: 21337ab58e5e0649d869ab168d4e609b033509de22521de1bfed0c031bfc5110
  md5: 239c5e9546c38a1e884d69effcf4c882
  depends:
  - __glibc >=2.17,<3.0.a0
  license: GPL-3.0-only WITH GCC-exception-3.1
  license_family: GPL
  size: 603262
  timestamp: 1771378117851
- conda: https://conda.anaconda.org/conda-forge/linux-64/libstdcxx-15.2.0-h934c35e_18.conda
  sha256: 78668020064fdaa27e9ab65cd2997e2c837b564ab26ce3bf0e58a2ce1a525c6e
  md5: 1b08cd684f34175e4514474793d44bcb
  depends:
  - __glibc >=2.17,<3.0.a0
  - libgcc 15.2.0 he0feb66_18
  constrains:
  - libstdcxx-ng ==15.2.0=*_18
  license: GPL-3.0-only WITH GCC-exception-3.1
  license_family: GPL
  size: 5852330
  timestamp: 1771378262446
- conda: https://conda.anaconda.org/conda-forge/linux-64/uv-0.11.6-h0f56927_0.conda
  sha256: b4e119c6776d5f752f7f10a1e4810dcbcfe0a6b32cc23689b0009f93af76bf6c
  md5: f78bab5fcaf462a4309c88c18def5574
  depends:
  - libstdcxx >=14
  - libgcc >=14
  - __glibc >=2.17,<3.0.a0
  constrains:
  - __glibc >=2.17
  license: Apache-2.0 OR MIT
  size: 19227106
  timestamp: 1775743419931
- conda: https://conda.anaconda.org/conda-forge/osx-64/uv-0.11.6-hbc54fe3_0.conda
  sha256: 24822d8208858642296c0c8d6c21ec2d5f2fe539a5f69496bb18efc37d71dec1
  md5: ad278d10bbd4b8071ad92047bf21ccfc
  depends:
  - __osx >=11.0
  - libcxx >=19
  constrains:
  - __osx >=10.13
  license: Apache-2.0 OR MIT
  size: 18079608
  timestamp: 1775743678156
- conda: https://conda.anaconda.org/conda-forge/osx-arm64/uv-0.11.6-h2a61971_0.conda
  sha256: c16152d7ebd6d65f1438f242e423517c1f17b7ea5552c56538edd5347f034ed0
  md5: 8113c6d9c8790242a21c8c7525bc1e8f
  depends:
  - libcxx >=19
  - __osx >=11.0
  constrains:
  - __osx >=11.0
  license: Apache-2.0 OR MIT
  size: 16629923
  timestamp: 1775743692957
