version: 6
environments:
  default:
    channels:
    - url: https://conda.anaconda.org/conda-forge/
    - url: https://repo.prefix.dev/julia-forge/
    packages:
      linux-64:
      - conda: https://conda.anaconda.org/conda-forge/linux-64/_libgcc_mutex-0.1-conda_forge.tar.bz2
      - conda: https://conda.anaconda.org/conda-forge/linux-64/_openmp_mutex-4.5-2_gnu.tar.bz2
      - conda: https://repo.prefix.dev/julia-forge/linux-64/julia-1.10.4-hb0f4dca_0.conda
      - conda: https://conda.anaconda.org/conda-forge/linux-64/libgcc-15.2.0-h767d61c_7.conda
      - conda: https://conda.anaconda.org/conda-forge/linux-64/libgomp-15.2.0-h767d61c_7.conda
      - conda: https://conda.anaconda.org/conda-forge/linux-64/libstdcxx-15.2.0-h8f9b012_7.conda
      - conda: https://conda.anaconda.org/conda-forge/linux-64/uv-0.9.2-h30787bc_0.conda
      osx-64:
      - conda: https://repo.prefix.dev/julia-forge/osx-64/julia-1.10.4-h0dc7051_0.conda
      - conda: https://conda.anaconda.org/conda-forge/osx-64/libcxx-21.1.3-h3d58e20_0.conda
      - conda: https://conda.anaconda.org/conda-forge/osx-64/uv-0.9.2-h66543e4_0.conda
      osx-arm64:
      - conda: https://repo.prefix.dev/julia-forge/osx-arm64/julia-1.10.4-h60d57d3_0.conda
      - conda: https://conda.anaconda.org/conda-forge/osx-arm64/libcxx-21.1.3-hf598326_0.conda
      - conda: https://conda.anaconda.org/conda-forge/osx-arm64/uv-0.9.2-h194b5f9_0.conda
packages:
- conda: https://conda.anaconda.org/conda-forge/linux-64/_libgcc_mutex-0.1-conda_forge.tar.bz2
  sha256: fe51de6107f9edc7aa4f786a70f4a883943bc9d39b3bb7307c04c41410990726
  md5: d7c89558ba9fa0495403155b64376d81
  license: None
  size: 2562
  timestamp: 1578324546067
- conda: https://conda.anaconda.org/conda-forge/linux-64/_openmp_mutex-4.5-2_gnu.tar.bz2
  build_number: 16
  sha256: fbe2c5e56a653bebb982eda4876a9178aedfc2b545f25d0ce9c4c0b508253d22
  md5: 73aaf86a425cc6e73fcf236a5a46396d
  depends:
  - _libgcc_mutex 0.1 conda_forge
  - libgomp >=7.5.0
  constrains:
  - openmp_impl 9999
  license: BSD-3-Clause
  license_family: BSD
  size: 23621
  timestamp: 1650670423406
- conda: https://repo.prefix.dev/julia-forge/linux-64/julia-1.10.4-hb0f4dca_0.conda
  sha256: bb4284ce604b113381a51ca34157b220b286c88bef7a6a5092e44c9f2fabda00
  license: MIT
  size: 135542643
  timestamp: 1719213812709
- conda: https://repo.prefix.dev/julia-forge/osx-64/julia-1.10.4-h0dc7051_0.conda
  sha256: 788bf6916756b8a099cd1f4f779bca480827992b440be2351f579fedf5e8bf59
  license: MIT
  size: 134913991
  timestamp: 1719213818292
- conda: https://repo.prefix.dev/julia-forge/osx-arm64/julia-1.10.4-h60d57d3_0.conda
  sha256: 544544129232eabaf0eed2a0f00d47d14cfb8e47dd34259cebcda01b5d0da5c6
  license: MIT
  size: 133972555
  timestamp: 1719213815182
- conda: https://conda.anaconda.org/conda-forge/osx-64/libcxx-21.1.3-h3d58e20_0.conda
  sha256: 9bba2ce10e1c390a4091ca48fab0c71c010f6526c27ac2da53399940ad4c113f
  md5: 432d125a340932454d777b66b09c32a1
  depends:
  - __osx >=10.13
  license: Apache-2.0 WITH LLVM-exception
  license_family: Apache
  size: 571632
  timestamp: 1760166417842
- conda: https://conda.anaconda.org/conda-forge/osx-arm64/libcxx-21.1.3-hf598326_0.conda
  sha256: b9bad452e3e1d0cc597d907681461341209cb7576178d5c1933026a650b381d1
  md5: e976227574dfcd0048324576adf8d60d
  depends:
  - __osx >=11.0
  license: Apache-2.0 WITH LLVM-exception
  license_family: Apache
  size: 568715
  timestamp: 1760166479630
- conda: https://conda.anaconda.org/conda-forge/linux-64/libgcc-15.2.0-h767d61c_7.conda
  sha256: 08f9b87578ab981c7713e4e6a7d935e40766e10691732bba376d4964562bcb45
  md5: c0374badb3a5d4b1372db28d19462c53
  depends:
  - __glibc >=2.17,<3.0.a0
  - _openmp_mutex >=4.5
  constrains:
  - libgomp 15.2.0 h767d61c_7
  - libgcc-ng ==15.2.0=*_7
  license: GPL-3.0-only WITH GCC-exception-3.1
  license_family: GPL
  size: 822552
  timestamp: 1759968052178
- conda: https://conda.anaconda.org/conda-forge/linux-64/libgomp-15.2.0-h767d61c_7.conda
  sha256: e9fb1c258c8e66ee278397b5822692527c5f5786d372fe7a869b900853f3f5ca
  md5: f7b4d76975aac7e5d9e6ad13845f92fe
  depends:
  - __glibc >=2.17,<3.0.a0
  license: GPL-3.0-only WITH GCC-exception-3.1
  license_family: GPL
  size: 447919
  timestamp: 1759967942498
- conda: https://conda.anaconda.org/conda-forge/linux-64/libstdcxx-15.2.0-h8f9b012_7.conda
  sha256: 1b981647d9775e1cdeb2fab0a4dd9cd75a6b0de2963f6c3953dbd712f78334b3
  md5: 5b767048b1b3ee9a954b06f4084f93dc
  depends:
  - __glibc >=2.17,<3.0.a0
  - libgcc 15.2.0 h767d61c_7
  constrains:
  - libstdcxx-ng ==15.2.0=*_7
  license: GPL-3.0-only WITH GCC-exception-3.1
  license_family: GPL
  size: 3898269
  timestamp: 1759968103436
- conda: https://conda.anaconda.org/conda-forge/linux-64/uv-0.9.2-h30787bc_0.conda
  sha256: 364a785b699df53f57a803509baaef0efa063ef202989313e6b1baaa319608a5
  md5: 31d4c89aa716dec151203535f908ac7d
  depends:
  - __glibc >=2.17,<3.0.a0
  - libstdcxx >=14
  - libgcc >=14
  constrains:
  - __glibc >=2.17
  license: Apache-2.0 OR MIT
  size: 16887214
  timestamp: 1760140579106
- conda: https://conda.anaconda.org/conda-forge/osx-64/uv-0.9.2-h66543e4_0.conda
  sha256: 17f160df8b01c9df05421c4c3bab760ba37b9f7423d77081bfc56268e62f0cb9
  md5: 6366cee7ac865cc5d75837b552e1ff82
  depends:
  - __osx >=10.13
  - libcxx >=19
  constrains:
  - __osx >=10.13
  license: Apache-2.0 OR MIT
  size: 15639053
  timestamp: 1760140418279
- conda: https://conda.anaconda.org/conda-forge/osx-arm64/uv-0.9.2-h194b5f9_0.conda
  sha256: 4b8f1045d1beaebd2942c1113ef6f4f4b094a4e428e700a8622312862792cadf
  md5: 852c7ddf2cb0100c3746ec57d4469d43
  depends:
  - libcxx >=19
  - __osx >=11.0
  constrains:
  - __osx >=11.0
  license: Apache-2.0 OR MIT
  size: 14607809
  timestamp: 1760140550439
